<?xml version="1.0" encoding="utf-8"?>
<Project ToolsVersion="4.0" xmlns="http://schemas.microsoft.com/developer/msbuild/2003">
  <ItemGroup>
    <Filter Include="Source Files">
      <UniqueIdentifier>{4FC737F1-C7A5-4376-A066-2A32D752A2FF}</UniqueIdentifier>
      <Extensions>cpp;c;cc;cxx;def;odl;idl;hpj;bat;asm;asmx</Extensions>
    </Filter>
    <Filter Include="Header Files">
      <UniqueIdentifier>{93995380-89BD-4b04-88EB-625FBE52EBFB}</UniqueIdentifier>
      <Extensions>h;hh;hpp;hxx;hm;inl;inc;xsd</Extensions>
    </Filter>
    <Filter Include="Resource Files">
      <UniqueIdentifier>{67DA6AB6-F800-4c08-8B7A-83BB121AAD01}</UniqueIdentifier>
      <Extensions>rc;ico;cur;bmp;dlg;rc2;rct;bin;rgs;gif;jpg;jpeg;jpe;resx;tiff;tif;png;wav;mfcribbon-ms</Extensions>
    </Filter>
    <Filter Include="Source Files\include">
      <UniqueIdentifier>{a1512fe7-7eb8-48f1-a35f-5a06ca04e8b5}</UniqueIdentifier>
    </Filter>
    <Filter Include="Source Files\src">
      <UniqueIdentifier>{a175e7e8-e5ea-4292-ad99-6289ec2bcaf2}</UniqueIdentifier>
    </Filter>
    <Filter Include="Source Files\pdfix">
      <UniqueIdentifier>{548555f3-3a70-4c5f-a208-dcd99ac95b02}</UniqueIdentifier>
    </Filter>
  </ItemGroup>
  <ItemGroup>
    <ClInclude Include="stdafx.h">
      <Filter>Header Files</Filter>
    </ClInclude>
    <ClInclude Include="targetver.h">
      <Filter>Header Files</Filter>
    </ClInclude>
    <ClInclude Include="resource.h">
      <Filter>Header Files</Filter>
    </ClInclude>
    <ClInclude Include=".\include\pdf_html_doc.h">
      <Filter>Source Files\include</Filter>
    </ClInclude>
    <ClInclude Include=".\include\pdf_html_types.h">
      <Filter>Source Files\include</Filter>
    </ClInclude>
    <ClInclude Include=".\include\pdf_html_utils.h">
      <Filter>Source Files\include</Filter>
    </ClInclude>
    <ClInclude Include=".\lib\pdfix\Pdfix.h">
      <Filter>Source Files\pdfix</Filter>
    </ClInclude>
  </ItemGroup>
  <ItemGroup>
    <ClCompile Include="pdfix_export_html.cpp">
      <Filter>Source Files</Filter>
    </ClCompile>
    <ClCompile Include=".\src\pdf_html_doc.cpp">
      <Filter>Source Files\src</Filter>
    </ClCompile>
    <ClCompile Include=".\src\pdf_html_utils.cpp">
      <Filter>Source Files\src</Filter>
    </ClCompile>
    <ClCompile Include=".\lib\pdfix\Pdfix.cpp">
      <Filter>Source Files\pdfix</Filter>
    </ClCompile>
  </ItemGroup>
  <ItemGroup>
    <ResourceCompile Include="pdfix_export_html.rc">
      <Filter>Resource Files</Filter>
    </ResourceCompile>
  </ItemGroup>
  <ItemGroup>
    <None Include=".\html\resource\afscript.js" />
    <None Include=".\html\resource\global_fixed.css" />
    <None Include=".\html\resource\jquery.min.js" />
    <None Include=".\html\resource\global_responsive.css" />
    <None Include="html\resource\api.js" />
    <None Include="html\resource\content.js" />
    <None Include="html\resource\event.js" />
  </ItemGroup>
</Project>